// !$*UTF8*$!
{
	archiveVersion = 1;
	classes = {
	};
	objectVersion = 50;
	objects = {

/* Begin PBXBuildFile section */
		490676EF29FAF34100836C1A /* Model.swift in Sources */ = {isa = PBXBuildFile; fileRef = 490676EE29FAF34100836C1A /* Model.swift */; };
		490676F229FB065B00836C1A /* CheapTripDetailCell.swift in Sources */ = {isa = PBXBuildFile; fileRef = 490676F129FB065B00836C1A /* CheapTripDetailCell.swift */; };
		490A628B2A014ABE002C3207 /* locations.json in Resources */ = {isa = PBXBuildFile; fileRef = 490A62852A014ABD002C3207 /* locations.json */; };
		490A628C2A014ABE002C3207 /* direct_routes.json in Resources */ = {isa = PBXBuildFile; fileRef = 490A62862A014ABD002C3207 /* direct_routes.json */; };
		490A628D2A014ABE002C3207 /* fixed_routes.json in Resources */ = {isa = PBXBuildFile; fileRef = 490A62872A014ABE002C3207 /* fixed_routes.json */; };
		490A628E2A014ABE002C3207 /* routes.json in Resources */ = {isa = PBXBuildFile; fileRef = 490A62882A014ABE002C3207 /* routes.json */; };
		490A628F2A014ABE002C3207 /* transport.json in Resources */ = {isa = PBXBuildFile; fileRef = 490A62892A014ABE002C3207 /* transport.json */; };
		490A62902A014ABE002C3207 /* flying_routes.json in Resources */ = {isa = PBXBuildFile; fileRef = 490A628A2A014ABE002C3207 /* flying_routes.json */; };
		490A62952A042B31002C3207 /* booking_ids.json in Resources */ = {isa = PBXBuildFile; fileRef = 490A62942A042B31002C3207 /* booking_ids.json */; };
		490AC69D29FE9E080044B681 /* DirectRoutes.swift in Sources */ = {isa = PBXBuildFile; fileRef = 490AC69C29FE9E080044B681 /* DirectRoutes.swift */; };
		490AC6A029FEA3770044B681 /* Routes.swift in Sources */ = {isa = PBXBuildFile; fileRef = 490AC69F29FEA3770044B681 /* Routes.swift */; };
		490AC6A329FEB15D0044B681 /* LocationsController.swift in Sources */ = {isa = PBXBuildFile; fileRef = 490AC6A229FEB15D0044B681 /* LocationsController.swift */; };
		490AC6A82A00E3E10044B681 /* Extension+Int.swift in Sources */ = {isa = PBXBuildFile; fileRef = 490AC6A72A00E3E10044B681 /* Extension+Int.swift */; };
		494C05E729FA985700054FC5 /* AppDelegate.swift in Sources */ = {isa = PBXBuildFile; fileRef = 494C05E629FA985700054FC5 /* AppDelegate.swift */; };
		494C05E929FA985700054FC5 /* SceneDelegate.swift in Sources */ = {isa = PBXBuildFile; fileRef = 494C05E829FA985700054FC5 /* SceneDelegate.swift */; };
		494C05EB29FA985700054FC5 /* MainViewController.swift in Sources */ = {isa = PBXBuildFile; fileRef = 494C05EA29FA985700054FC5 /* MainViewController.swift */; };
		494C05F029FA985C00054FC5 /* Assets.xcassets in Resources */ = {isa = PBXBuildFile; fileRef = 494C05EF29FA985C00054FC5 /* Assets.xcassets */; };
		494C05F329FA985C00054FC5 /* LaunchScreen.storyboard in Resources */ = {isa = PBXBuildFile; fileRef = 494C05F129FA985C00054FC5 /* LaunchScreen.storyboard */; };
		494C060329FA9A7500054FC5 /* Helper.swift in Sources */ = {isa = PBXBuildFile; fileRef = 494C060229FA9A7500054FC5 /* Helper.swift */; };
		494C060D29FA9B1400054FC5 /* Extension+UIViewController.swift in Sources */ = {isa = PBXBuildFile; fileRef = 494C060729FA9B1400054FC5 /* Extension+UIViewController.swift */; };
		494C060E29FA9B1400054FC5 /* Extension+String.swift in Sources */ = {isa = PBXBuildFile; fileRef = 494C060829FA9B1400054FC5 /* Extension+String.swift */; };
		494C060F29FA9B1400054FC5 /* Extension+UIColor.swift in Sources */ = {isa = PBXBuildFile; fileRef = 494C060929FA9B1400054FC5 /* Extension+UIColor.swift */; };
		494C061029FA9B1400054FC5 /* Extension+UIButton.swift in Sources */ = {isa = PBXBuildFile; fileRef = 494C060A29FA9B1400054FC5 /* Extension+UIButton.swift */; };
		494C061129FA9B1400054FC5 /* Extension+UIView.swift in Sources */ = {isa = PBXBuildFile; fileRef = 494C060B29FA9B1400054FC5 /* Extension+UIView.swift */; };
		494C061929FA9B2C00054FC5 /* CustomStackView.swift in Sources */ = {isa = PBXBuildFile; fileRef = 494C061429FA9B2C00054FC5 /* CustomStackView.swift */; };
		494C061A29FA9B2C00054FC5 /* CustomButton.swift in Sources */ = {isa = PBXBuildFile; fileRef = 494C061529FA9B2C00054FC5 /* CustomButton.swift */; };
		494C061B29FA9B2C00054FC5 /* CustomTextField.swift in Sources */ = {isa = PBXBuildFile; fileRef = 494C061629FA9B2C00054FC5 /* CustomTextField.swift */; };
		494C061C29FA9B2C00054FC5 /* CustomStepper.swift in Sources */ = {isa = PBXBuildFile; fileRef = 494C061729FA9B2C00054FC5 /* CustomStepper.swift */; };
		494C061D29FA9B2C00054FC5 /* CustomLabel.swift in Sources */ = {isa = PBXBuildFile; fileRef = 494C061829FA9B2C00054FC5 /* CustomLabel.swift */; };
		494C062129FAB10E00054FC5 /* CheapTripHeaderView.swift in Sources */ = {isa = PBXBuildFile; fileRef = 494C062029FAB10E00054FC5 /* CheapTripHeaderView.swift */; };
		49BF27ED29FBEDD2005F53E8 /* DownloadManager.swift in Sources */ = {isa = PBXBuildFile; fileRef = 49BF27EC29FBEDD2005F53E8 /* DownloadManager.swift */; };
		49BF27F429FC1B5C005F53E8 /* TransportType.swift in Sources */ = {isa = PBXBuildFile; fileRef = 49BF27F329FC1B5C005F53E8 /* TransportType.swift */; };
		49BF27FA29FE9098005F53E8 /* LocationsType.swift in Sources */ = {isa = PBXBuildFile; fileRef = 49BF27F929FE9098005F53E8 /* LocationsType.swift */; };
/* End PBXBuildFile section */

/* Begin PBXFileReference section */
		490676EE29FAF34100836C1A /* Model.swift */ = {isa = PBXFileReference; lastKnownFileType = sourcecode.swift; path = Model.swift; sourceTree = "<group>"; };
		490676F129FB065B00836C1A /* CheapTripDetailCell.swift */ = {isa = PBXFileReference; lastKnownFileType = sourcecode.swift; path = CheapTripDetailCell.swift; sourceTree = "<group>"; };
		490A62852A014ABD002C3207 /* locations.json */ = {isa = PBXFileReference; fileEncoding = 4; lastKnownFileType = text.json; path = locations.json; sourceTree = "<group>"; };
		490A62862A014ABD002C3207 /* direct_routes.json */ = {isa = PBXFileReference; fileEncoding = 4; lastKnownFileType = text.json; path = direct_routes.json; sourceTree = "<group>"; };
		490A62872A014ABE002C3207 /* fixed_routes.json */ = {isa = PBXFileReference; fileEncoding = 4; lastKnownFileType = text.json; path = fixed_routes.json; sourceTree = "<group>"; };
		490A62882A014ABE002C3207 /* routes.json */ = {isa = PBXFileReference; fileEncoding = 4; lastKnownFileType = text.json; path = routes.json; sourceTree = "<group>"; };
		490A62892A014ABE002C3207 /* transport.json */ = {isa = PBXFileReference; fileEncoding = 4; lastKnownFileType = text.json; path = transport.json; sourceTree = "<group>"; };
		490A628A2A014ABE002C3207 /* flying_routes.json */ = {isa = PBXFileReference; fileEncoding = 4; lastKnownFileType = text.json; path = flying_routes.json; sourceTree = "<group>"; };
		490A62942A042B31002C3207 /* booking_ids.json */ = {isa = PBXFileReference; fileEncoding = 4; lastKnownFileType = text.json; path = booking_ids.json; sourceTree = "<group>"; };
		490AC69C29FE9E080044B681 /* DirectRoutes.swift */ = {isa = PBXFileReference; lastKnownFileType = sourcecode.swift; path = DirectRoutes.swift; sourceTree = "<group>"; };
		490AC69F29FEA3770044B681 /* Routes.swift */ = {isa = PBXFileReference; lastKnownFileType = sourcecode.swift; path = Routes.swift; sourceTree = "<group>"; };
		490AC6A229FEB15D0044B681 /* LocationsController.swift */ = {isa = PBXFileReference; lastKnownFileType = sourcecode.swift; path = LocationsController.swift; sourceTree = "<group>"; };
		490AC6A72A00E3E10044B681 /* Extension+Int.swift */ = {isa = PBXFileReference; lastKnownFileType = sourcecode.swift; path = "Extension+Int.swift"; sourceTree = "<group>"; };
		494C05E329FA985700054FC5 /* CheapTrip.app */ = {isa = PBXFileReference; explicitFileType = wrapper.application; includeInIndex = 0; path = CheapTrip.app; sourceTree = BUILT_PRODUCTS_DIR; };
		494C05E629FA985700054FC5 /* AppDelegate.swift */ = {isa = PBXFileReference; lastKnownFileType = sourcecode.swift; path = AppDelegate.swift; sourceTree = "<group>"; };
		494C05E829FA985700054FC5 /* SceneDelegate.swift */ = {isa = PBXFileReference; lastKnownFileType = sourcecode.swift; path = SceneDelegate.swift; sourceTree = "<group>"; };
		494C05EA29FA985700054FC5 /* MainViewController.swift */ = {isa = PBXFileReference; lastKnownFileType = sourcecode.swift; path = MainViewController.swift; sourceTree = "<group>"; };
		494C05EF29FA985C00054FC5 /* Assets.xcassets */ = {isa = PBXFileReference; lastKnownFileType = folder.assetcatalog; path = Assets.xcassets; sourceTree = "<group>"; };
		494C05F229FA985C00054FC5 /* Base */ = {isa = PBXFileReference; lastKnownFileType = file.storyboard; name = Base; path = Base.lproj/LaunchScreen.storyboard; sourceTree = "<group>"; };
		494C05F429FA985C00054FC5 /* Info.plist */ = {isa = PBXFileReference; lastKnownFileType = text.plist.xml; path = Info.plist; sourceTree = "<group>"; };
		494C060229FA9A7500054FC5 /* Helper.swift */ = {isa = PBXFileReference; lastKnownFileType = sourcecode.swift; path = Helper.swift; sourceTree = "<group>"; };
		494C060729FA9B1400054FC5 /* Extension+UIViewController.swift */ = {isa = PBXFileReference; fileEncoding = 4; lastKnownFileType = sourcecode.swift; path = "Extension+UIViewController.swift"; sourceTree = "<group>"; };
		494C060829FA9B1400054FC5 /* Extension+String.swift */ = {isa = PBXFileReference; fileEncoding = 4; lastKnownFileType = sourcecode.swift; path = "Extension+String.swift"; sourceTree = "<group>"; };
		494C060929FA9B1400054FC5 /* Extension+UIColor.swift */ = {isa = PBXFileReference; fileEncoding = 4; lastKnownFileType = sourcecode.swift; path = "Extension+UIColor.swift"; sourceTree = "<group>"; };
		494C060A29FA9B1400054FC5 /* Extension+UIButton.swift */ = {isa = PBXFileReference; fileEncoding = 4; lastKnownFileType = sourcecode.swift; path = "Extension+UIButton.swift"; sourceTree = "<group>"; };
		494C060B29FA9B1400054FC5 /* Extension+UIView.swift */ = {isa = PBXFileReference; fileEncoding = 4; lastKnownFileType = sourcecode.swift; path = "Extension+UIView.swift"; sourceTree = "<group>"; };
		494C061429FA9B2C00054FC5 /* CustomStackView.swift */ = {isa = PBXFileReference; fileEncoding = 4; lastKnownFileType = sourcecode.swift; path = CustomStackView.swift; sourceTree = "<group>"; };
		494C061529FA9B2C00054FC5 /* CustomButton.swift */ = {isa = PBXFileReference; fileEncoding = 4; lastKnownFileType = sourcecode.swift; path = CustomButton.swift; sourceTree = "<group>"; };
		494C061629FA9B2C00054FC5 /* CustomTextField.swift */ = {isa = PBXFileReference; fileEncoding = 4; lastKnownFileType = sourcecode.swift; path = CustomTextField.swift; sourceTree = "<group>"; };
		494C061729FA9B2C00054FC5 /* CustomStepper.swift */ = {isa = PBXFileReference; fileEncoding = 4; lastKnownFileType = sourcecode.swift; path = CustomStepper.swift; sourceTree = "<group>"; };
		494C061829FA9B2C00054FC5 /* CustomLabel.swift */ = {isa = PBXFileReference; fileEncoding = 4; lastKnownFileType = sourcecode.swift; path = CustomLabel.swift; sourceTree = "<group>"; };
		494C062029FAB10E00054FC5 /* CheapTripHeaderView.swift */ = {isa = PBXFileReference; lastKnownFileType = sourcecode.swift; path = CheapTripHeaderView.swift; sourceTree = "<group>"; };
		49BF27EC29FBEDD2005F53E8 /* DownloadManager.swift */ = {isa = PBXFileReference; lastKnownFileType = sourcecode.swift; path = DownloadManager.swift; sourceTree = "<group>"; };
		49BF27F329FC1B5C005F53E8 /* TransportType.swift */ = {isa = PBXFileReference; lastKnownFileType = sourcecode.swift; path = TransportType.swift; sourceTree = "<group>"; };
		49BF27F929FE9098005F53E8 /* LocationsType.swift */ = {isa = PBXFileReference; lastKnownFileType = sourcecode.swift; path = LocationsType.swift; sourceTree = "<group>"; };
/* End PBXFileReference section */

/* Begin PBXFrameworksBuildPhase section */
		494C05E029FA985700054FC5 /* Frameworks */ = {
			isa = PBXFrameworksBuildPhase;
			buildActionMask = 2147483647;
			files = (
			);
			runOnlyForDeploymentPostprocessing = 0;
		};
/* End PBXFrameworksBuildPhase section */

/* Begin PBXGroup section */
		490676F629FBE9B300836C1A /* ViewControllers */ = {
			isa = PBXGroup;
			children = (
				494C05EA29FA985700054FC5 /* MainViewController.swift */,
			);
			path = ViewControllers;
			sourceTree = "<group>";
		};
		490676F729FBE9C300836C1A /* Models */ = {
			isa = PBXGroup;
			children = (
				490676EE29FAF34100836C1A /* Model.swift */,
				49BF27F329FC1B5C005F53E8 /* TransportType.swift */,
				49BF27F929FE9098005F53E8 /* LocationsType.swift */,
				490AC69C29FE9E080044B681 /* DirectRoutes.swift */,
				490AC69F29FEA3770044B681 /* Routes.swift */,
			);
			path = Models;
			sourceTree = "<group>";
		};
		490A62842A014A8C002C3207 /* Json */ = {
			isa = PBXGroup;
			children = (
				490A62862A014ABD002C3207 /* direct_routes.json */,
				490A62872A014ABE002C3207 /* fixed_routes.json */,
				490A628A2A014ABE002C3207 /* flying_routes.json */,
				490A62852A014ABD002C3207 /* locations.json */,
				490A62882A014ABE002C3207 /* routes.json */,
				490A62942A042B31002C3207 /* booking_ids.json */,
				490A62892A014ABE002C3207 /* transport.json */,
			);
			path = Json;
			sourceTree = "<group>";
		};
		494C05DA29FA985700054FC5 = {
			isa = PBXGroup;
			children = (
				494C05E529FA985700054FC5 /* CheapTrip */,
				494C05E429FA985700054FC5 /* Products */,
			);
			sourceTree = "<group>";
		};
		494C05E429FA985700054FC5 /* Products */ = {
			isa = PBXGroup;
			children = (
				494C05E329FA985700054FC5 /* CheapTrip.app */,
			);
			name = Products;
			sourceTree = "<group>";
		};
		494C05E529FA985700054FC5 /* CheapTrip */ = {
			isa = PBXGroup;
			children = (
				490A62842A014A8C002C3207 /* Json */,
				49BF27EB29FBEDAF005F53E8 /* NetworkService */,
				494C061F29FAB0D900054FC5 /* Cell */,
				494C061329FA9B2C00054FC5 /* CustomElement */,
				494C060529FA9B1400054FC5 /* Extension */,
				494C05FD29FA98BB00054FC5 /* Delegate */,
				490676F629FBE9B300836C1A /* ViewControllers */,
				490676F729FBE9C300836C1A /* Models */,
				494C060229FA9A7500054FC5 /* Helper.swift */,
				494C05FE29FA98D000054FC5 /* Other */,
				490AC6A229FEB15D0044B681 /* LocationsController.swift */,
			);
			path = CheapTrip;
			sourceTree = "<group>";
		};
		494C05FD29FA98BB00054FC5 /* Delegate */ = {
			isa = PBXGroup;
			children = (
				494C05E629FA985700054FC5 /* AppDelegate.swift */,
				494C05E829FA985700054FC5 /* SceneDelegate.swift */,
			);
			path = Delegate;
			sourceTree = "<group>";
		};
		494C05FE29FA98D000054FC5 /* Other */ = {
			isa = PBXGroup;
			children = (
				494C05EF29FA985C00054FC5 /* Assets.xcassets */,
				494C05F129FA985C00054FC5 /* LaunchScreen.storyboard */,
				494C05F429FA985C00054FC5 /* Info.plist */,
			);
			path = Other;
			sourceTree = "<group>";
		};
		494C060529FA9B1400054FC5 /* Extension */ = {
			isa = PBXGroup;
			children = (
				494C060729FA9B1400054FC5 /* Extension+UIViewController.swift */,
				494C060829FA9B1400054FC5 /* Extension+String.swift */,
				490AC6A72A00E3E10044B681 /* Extension+Int.swift */,
				494C060929FA9B1400054FC5 /* Extension+UIColor.swift */,
				494C060A29FA9B1400054FC5 /* Extension+UIButton.swift */,
				494C060B29FA9B1400054FC5 /* Extension+UIView.swift */,
			);
			path = Extension;
			sourceTree = "<group>";
		};
		494C061329FA9B2C00054FC5 /* CustomElement */ = {
			isa = PBXGroup;
			children = (
				494C061429FA9B2C00054FC5 /* CustomStackView.swift */,
				494C061529FA9B2C00054FC5 /* CustomButton.swift */,
				494C061629FA9B2C00054FC5 /* CustomTextField.swift */,
				494C061729FA9B2C00054FC5 /* CustomStepper.swift */,
				494C061829FA9B2C00054FC5 /* CustomLabel.swift */,
			);
			path = CustomElement;
			sourceTree = "<group>";
		};
		494C061F29FAB0D900054FC5 /* Cell */ = {
			isa = PBXGroup;
			children = (
				494C062029FAB10E00054FC5 /* CheapTripHeaderView.swift */,
				490676F129FB065B00836C1A /* CheapTripDetailCell.swift */,
			);
			name = Cell;
			sourceTree = "<group>";
		};
		49BF27EB29FBEDAF005F53E8 /* NetworkService */ = {
			isa = PBXGroup;
			children = (
				49BF27EC29FBEDD2005F53E8 /* DownloadManager.swift */,
			);
			path = NetworkService;
			sourceTree = "<group>";
		};
/* End PBXGroup section */

/* Begin PBXNativeTarget section */
		494C05E229FA985700054FC5 /* CheapTrip */ = {
			isa = PBXNativeTarget;
			buildConfigurationList = 494C05F729FA985C00054FC5 /* Build configuration list for PBXNativeTarget "CheapTrip" */;
			buildPhases = (
				494C05DF29FA985700054FC5 /* Sources */,
				494C05E029FA985700054FC5 /* Frameworks */,
				494C05E129FA985700054FC5 /* Resources */,
			);
			buildRules = (
			);
			dependencies = (
			);
			name = CheapTrip;
			productName = CheapTrip;
			productReference = 494C05E329FA985700054FC5 /* CheapTrip.app */;
			productType = "com.apple.product-type.application";
		};
/* End PBXNativeTarget section */

/* Begin PBXProject section */
		494C05DB29FA985700054FC5 /* Project object */ = {
			isa = PBXProject;
			attributes = {
				LastSwiftUpdateCheck = 1220;
				LastUpgradeCheck = 1220;
				TargetAttributes = {
					494C05E229FA985700054FC5 = {
						CreatedOnToolsVersion = 12.2;
					};
				};
			};
			buildConfigurationList = 494C05DE29FA985700054FC5 /* Build configuration list for PBXProject "CheapTrip" */;
			compatibilityVersion = "Xcode 9.3";
			developmentRegion = en;
			hasScannedForEncodings = 0;
			knownRegions = (
				en,
				Base,
			);
			mainGroup = 494C05DA29FA985700054FC5;
			productRefGroup = 494C05E429FA985700054FC5 /* Products */;
			projectDirPath = "";
			projectRoot = "";
			targets = (
				494C05E229FA985700054FC5 /* CheapTrip */,
			);
		};
/* End PBXProject section */

/* Begin PBXResourcesBuildPhase section */
		494C05E129FA985700054FC5 /* Resources */ = {
			isa = PBXResourcesBuildPhase;
			buildActionMask = 2147483647;
			files = (
				494C05F329FA985C00054FC5 /* LaunchScreen.storyboard in Resources */,
				490A628B2A014ABE002C3207 /* locations.json in Resources */,
				490A62952A042B31002C3207 /* booking_ids.json in Resources */,
				490A628C2A014ABE002C3207 /* direct_routes.json in Resources */,
				490A628E2A014ABE002C3207 /* routes.json in Resources */,
				490A62902A014ABE002C3207 /* flying_routes.json in Resources */,
				490A628D2A014ABE002C3207 /* fixed_routes.json in Resources */,
				494C05F029FA985C00054FC5 /* Assets.xcassets in Resources */,
				490A628F2A014ABE002C3207 /* transport.json in Resources */,
			);
			runOnlyForDeploymentPostprocessing = 0;
		};
/* End PBXResourcesBuildPhase section */

/* Begin PBXSourcesBuildPhase section */
		494C05DF29FA985700054FC5 /* Sources */ = {
			isa = PBXSourcesBuildPhase;
			buildActionMask = 2147483647;
			files = (
				494C061B29FA9B2C00054FC5 /* CustomTextField.swift in Sources */,
				494C061D29FA9B2C00054FC5 /* CustomLabel.swift in Sources */,
				490AC69D29FE9E080044B681 /* DirectRoutes.swift in Sources */,
				494C060E29FA9B1400054FC5 /* Extension+String.swift in Sources */,
				494C061129FA9B1400054FC5 /* Extension+UIView.swift in Sources */,
				49BF27FA29FE9098005F53E8 /* LocationsType.swift in Sources */,
				494C05EB29FA985700054FC5 /* MainViewController.swift in Sources */,
				494C061929FA9B2C00054FC5 /* CustomStackView.swift in Sources */,
				494C060D29FA9B1400054FC5 /* Extension+UIViewController.swift in Sources */,
				494C062129FAB10E00054FC5 /* CheapTripHeaderView.swift in Sources */,
				494C05E729FA985700054FC5 /* AppDelegate.swift in Sources */,
				490676EF29FAF34100836C1A /* Model.swift in Sources */,
				494C05E929FA985700054FC5 /* SceneDelegate.swift in Sources */,
				494C061A29FA9B2C00054FC5 /* CustomButton.swift in Sources */,
				49BF27F429FC1B5C005F53E8 /* TransportType.swift in Sources */,
				494C061C29FA9B2C00054FC5 /* CustomStepper.swift in Sources */,
				49BF27ED29FBEDD2005F53E8 /* DownloadManager.swift in Sources */,
				494C060329FA9A7500054FC5 /* Helper.swift in Sources */,
				490676F229FB065B00836C1A /* CheapTripDetailCell.swift in Sources */,
				490AC6A329FEB15D0044B681 /* LocationsController.swift in Sources */,
				494C060F29FA9B1400054FC5 /* Extension+UIColor.swift in Sources */,
				490AC6A029FEA3770044B681 /* Routes.swift in Sources */,
				494C061029FA9B1400054FC5 /* Extension+UIButton.swift in Sources */,
				490AC6A82A00E3E10044B681 /* Extension+Int.swift in Sources */,
			);
			runOnlyForDeploymentPostprocessing = 0;
		};
/* End PBXSourcesBuildPhase section */

/* Begin PBXVariantGroup section */
		494C05F129FA985C00054FC5 /* LaunchScreen.storyboard */ = {
			isa = PBXVariantGroup;
			children = (
				494C05F229FA985C00054FC5 /* Base */,
			);
			name = LaunchScreen.storyboard;
			sourceTree = "<group>";
		};
/* End PBXVariantGroup section */

/* Begin XCBuildConfiguration section */
		494C05F529FA985C00054FC5 /* Debug */ = {
			isa = XCBuildConfiguration;
			buildSettings = {
				ALWAYS_SEARCH_USER_PATHS = NO;
				CLANG_ANALYZER_NONNULL = YES;
				CLANG_ANALYZER_NUMBER_OBJECT_CONVERSION = YES_AGGRESSIVE;
				CLANG_CXX_LANGUAGE_STANDARD = "gnu++14";
				CLANG_CXX_LIBRARY = "libc++";
				CLANG_ENABLE_MODULES = YES;
				CLANG_ENABLE_OBJC_ARC = YES;
				CLANG_ENABLE_OBJC_WEAK = YES;
				CLANG_WARN_BLOCK_CAPTURE_AUTORELEASING = YES;
				CLANG_WARN_BOOL_CONVERSION = YES;
				CLANG_WARN_COMMA = YES;
				CLANG_WARN_CONSTANT_CONVERSION = YES;
				CLANG_WARN_DEPRECATED_OBJC_IMPLEMENTATIONS = YES;
				CLANG_WARN_DIRECT_OBJC_ISA_USAGE = YES_ERROR;
				CLANG_WARN_DOCUMENTATION_COMMENTS = YES;
				CLANG_WARN_EMPTY_BODY = YES;
				CLANG_WARN_ENUM_CONVERSION = YES;
				CLANG_WARN_INFINITE_RECURSION = YES;
				CLANG_WARN_INT_CONVERSION = YES;
				CLANG_WARN_NON_LITERAL_NULL_CONVERSION = YES;
				CLANG_WARN_OBJC_IMPLICIT_RETAIN_SELF = YES;
				CLANG_WARN_OBJC_LITERAL_CONVERSION = YES;
				CLANG_WARN_OBJC_ROOT_CLASS = YES_ERROR;
				CLANG_WARN_QUOTED_INCLUDE_IN_FRAMEWORK_HEADER = YES;
				CLANG_WARN_RANGE_LOOP_ANALYSIS = YES;
				CLANG_WARN_STRICT_PROTOTYPES = YES;
				CLANG_WARN_SUSPICIOUS_MOVE = YES;
				CLANG_WARN_UNGUARDED_AVAILABILITY = YES_AGGRESSIVE;
				CLANG_WARN_UNREACHABLE_CODE = YES;
				CLANG_WARN__DUPLICATE_METHOD_MATCH = YES;
				COPY_PHASE_STRIP = NO;
				DEBUG_INFORMATION_FORMAT = dwarf;
				ENABLE_STRICT_OBJC_MSGSEND = YES;
				ENABLE_TESTABILITY = YES;
				GCC_C_LANGUAGE_STANDARD = gnu11;
				GCC_DYNAMIC_NO_PIC = NO;
				GCC_NO_COMMON_BLOCKS = YES;
				GCC_OPTIMIZATION_LEVEL = 0;
				GCC_PREPROCESSOR_DEFINITIONS = (
					"DEBUG=1",
					"$(inherited)",
				);
				GCC_WARN_64_TO_32_BIT_CONVERSION = YES;
				GCC_WARN_ABOUT_RETURN_TYPE = YES_ERROR;
				GCC_WARN_UNDECLARED_SELECTOR = YES;
				GCC_WARN_UNINITIALIZED_AUTOS = YES_AGGRESSIVE;
				GCC_WARN_UNUSED_FUNCTION = YES;
				GCC_WARN_UNUSED_VARIABLE = YES;
				IPHONEOS_DEPLOYMENT_TARGET = 14.2;
				MTL_ENABLE_DEBUG_INFO = INCLUDE_SOURCE;
				MTL_FAST_MATH = YES;
				ONLY_ACTIVE_ARCH = YES;
				SDKROOT = iphoneos;
				SWIFT_ACTIVE_COMPILATION_CONDITIONS = DEBUG;
				SWIFT_OPTIMIZATION_LEVEL = "-Onone";
			};
			name = Debug;
		};
		494C05F629FA985C00054FC5 /* Release */ = {
			isa = XCBuildConfiguration;
			buildSettings = {
				ALWAYS_SEARCH_USER_PATHS = NO;
				CLANG_ANALYZER_NONNULL = YES;
				CLANG_ANALYZER_NUMBER_OBJECT_CONVERSION = YES_AGGRESSIVE;
				CLANG_CXX_LANGUAGE_STANDARD = "gnu++14";
				CLANG_CXX_LIBRARY = "libc++";
				CLANG_ENABLE_MODULES = YES;
				CLANG_ENABLE_OBJC_ARC = YES;
				CLANG_ENABLE_OBJC_WEAK = YES;
				CLANG_WARN_BLOCK_CAPTURE_AUTORELEASING = YES;
				CLANG_WARN_BOOL_CONVERSION = YES;
				CLANG_WARN_COMMA = YES;
				CLANG_WARN_CONSTANT_CONVERSION = YES;
				CLANG_WARN_DEPRECATED_OBJC_IMPLEMENTATIONS = YES;
				CLANG_WARN_DIRECT_OBJC_ISA_USAGE = YES_ERROR;
				CLANG_WARN_DOCUMENTATION_COMMENTS = YES;
				CLANG_WARN_EMPTY_BODY = YES;
				CLANG_WARN_ENUM_CONVERSION = YES;
				CLANG_WARN_INFINITE_RECURSION = YES;
				CLANG_WARN_INT_CONVERSION = YES;
				CLANG_WARN_NON_LITERAL_NULL_CONVERSION = YES;
				CLANG_WARN_OBJC_IMPLICIT_RETAIN_SELF = YES;
				CLANG_WARN_OBJC_LITERAL_CONVERSION = YES;
				CLANG_WARN_OBJC_ROOT_CLASS = YES_ERROR;
				CLANG_WARN_QUOTED_INCLUDE_IN_FRAMEWORK_HEADER = YES;
				CLANG_WARN_RANGE_LOOP_ANALYSIS = YES;
				CLANG_WARN_STRICT_PROTOTYPES = YES;
				CLANG_WARN_SUSPICIOUS_MOVE = YES;
				CLANG_WARN_UNGUARDED_AVAILABILITY = YES_AGGRESSIVE;
				CLANG_WARN_UNREACHABLE_CODE = YES;
				CLANG_WARN__DUPLICATE_METHOD_MATCH = YES;
				COPY_PHASE_STRIP = NO;
				DEBUG_INFORMATION_FORMAT = "dwarf-with-dsym";
				ENABLE_NS_ASSERTIONS = NO;
				ENABLE_STRICT_OBJC_MSGSEND = YES;
				GCC_C_LANGUAGE_STANDARD = gnu11;
				GCC_NO_COMMON_BLOCKS = YES;
				GCC_WARN_64_TO_32_BIT_CONVERSION = YES;
				GCC_WARN_ABOUT_RETURN_TYPE = YES_ERROR;
				GCC_WARN_UNDECLARED_SELECTOR = YES;
				GCC_WARN_UNINITIALIZED_AUTOS = YES_AGGRESSIVE;
				GCC_WARN_UNUSED_FUNCTION = YES;
				GCC_WARN_UNUSED_VARIABLE = YES;
				IPHONEOS_DEPLOYMENT_TARGET = 14.2;
				MTL_ENABLE_DEBUG_INFO = NO;
				MTL_FAST_MATH = YES;
				SDKROOT = iphoneos;
				SWIFT_COMPILATION_MODE = wholemodule;
				SWIFT_OPTIMIZATION_LEVEL = "-O";
				VALIDATE_PRODUCT = YES;
			};
			name = Release;
		};
		494C05F829FA985C00054FC5 /* Debug */ = {
			isa = XCBuildConfiguration;
			buildSettings = {
				ASSETCATALOG_COMPILER_APPICON_NAME = AppIcon;
				ASSETCATALOG_COMPILER_GLOBAL_ACCENT_COLOR_NAME = AccentColor;
				CODE_SIGN_STYLE = Automatic;
				DEVELOPMENT_TEAM = DP9VBDWN4S;
				INFOPLIST_FILE = CheapTrip/Other/Info.plist;
				LD_RUNPATH_SEARCH_PATHS = (
					"$(inherited)",
					"@executable_path/Frameworks",
				);
				PRODUCT_BUNDLE_IDENTIFIER = HomeWork.CheapTrip;
				PRODUCT_NAME = "$(TARGET_NAME)";
				SWIFT_VERSION = 5.0;
				TARGETED_DEVICE_FAMILY = 1;
			};
			name = Debug;
		};
		494C05F929FA985C00054FC5 /* Release */ = {
			isa = XCBuildConfiguration;
			buildSettings = {
				ASSETCATALOG_COMPILER_APPICON_NAME = AppIcon;
				ASSETCATALOG_COMPILER_GLOBAL_ACCENT_COLOR_NAME = AccentColor;
				CODE_SIGN_STYLE = Automatic;
				DEVELOPMENT_TEAM = DP9VBDWN4S;
				INFOPLIST_FILE = CheapTrip/Other/Info.plist;
				LD_RUNPATH_SEARCH_PATHS = (
					"$(inherited)",
					"@executable_path/Frameworks",
				);
				PRODUCT_BUNDLE_IDENTIFIER = HomeWork.CheapTrip;
				PRODUCT_NAME = "$(TARGET_NAME)";
				SWIFT_VERSION = 5.0;
				TARGETED_DEVICE_FAMILY = 1;
			};
			name = Release;
		};
/* End XCBuildConfiguration section */

/* Begin XCConfigurationList section */
		494C05DE29FA985700054FC5 /* Build configuration list for PBXProject "CheapTrip" */ = {
			isa = XCConfigurationList;
			buildConfigurations = (
				494C05F529FA985C00054FC5 /* Debug */,
				494C05F629FA985C00054FC5 /* Release */,
			);
			defaultConfigurationIsVisible = 0;
			defaultConfigurationName = Release;
		};
		494C05F729FA985C00054FC5 /* Build configuration list for PBXNativeTarget "CheapTrip" */ = {
			isa = XCConfigurationList;
			buildConfigurations = (
				494C05F829FA985C00054FC5 /* Debug */,
				494C05F929FA985C00054FC5 /* Release */,
			);
			defaultConfigurationIsVisible = 0;
			defaultConfigurationName = Release;
		};
/* End XCConfigurationList section */
	};
	rootObject = 494C05DB29FA985700054FC5 /* Project object */;
}
